
Microsoft Visual Studio Solution File, Format Version 12.00
# Visual Studio Version 17
VisualStudioVersion = 17.14.36109.1 d17.14
MinimumVisualStudioVersion = 10.0.40219.1
Project("{FAE04EC0-301F-11D3-BF4B-00C04F79EFBC}") = "AutoCAD-MirrorEntity", "AutoCAD-MirrorEntity\AutoCAD-MirrorEntity.csproj", "{09917E4F-B346-4706-885A-89817095DB30}"
EndProject
Global
	GlobalSection(SolutionConfigurationPlatforms) = preSolution
		Debug|Any CPU = Debug|Any CPU
		Debug|x64 = Debug|x64
		Release|Any CPU = Release|Any CPU
		Release|x64 = Release|x64
	EndGlobalSection
	GlobalSection(ProjectConfigurationPlatforms) = postSolution
		{09917E4F-B346-4706-885A-89817095DB30}.Debug|Any CPU.ActiveCfg = Debug|Any CPU
		{09917E4F-B346-4706-885A-89817095DB30}.Debug|Any CPU.Build.0 = Debug|Any CPU
		{09917E4F-B346-4706-885A-89817095DB30}.Debug|x64.ActiveCfg = Debug|x64
		{09917E4F-B346-4706-885A-89817095DB30}.Debug|x64.Build.0 = Debug|x64
		{09917E4F-B346-4706-885A-89817095DB30}.Release|Any CPU.ActiveCfg = Release|Any CPU
		{09917E4F-B346-4706-885A-89817095DB30}.Release|Any CPU.Build.0 = Release|Any CPU
		{09917E4F-B346-4706-885A-89817095DB30}.Release|x64.ActiveCfg = Release|x64
		{09917E4F-B346-4706-885A-89817095DB30}.Release|x64.Build.0 = Release|x64
	EndGlobalSection
	GlobalSection(SolutionProperties) = preSolution
		HideSolutionNode = FALSE
	EndGlobalSection
	GlobalSection(ExtensibilityGlobals) = postSolution
		SolutionGuid = {98EF1B82-6F6C-4D2B-B489-D17E4B7A3E36}
	EndGlobalSection
EndGlobal
