
Microsoft Visual Studio Solution File, Format Version 12.00
# Visual Studio Version 17
VisualStudioVersion = 17.14.36109.1 d17.14
MinimumVisualStudioVersion = 10.0.40219.1
Project("{FAE04EC0-301F-11D3-BF4B-00C04F79EFBC}") = "AutoCAD-Line", "AutoCAD-Line\AutoCAD-Line.csproj", "{690AF3FA-E1DA-4531-AADE-0F2231D54B05}"
EndProject
Global
	GlobalSection(SolutionConfigurationPlatforms) = preSolution
		Debug|Any CPU = Debug|Any CPU
		Debug|x64 = Debug|x64
		Release|Any CPU = Release|Any CPU
		Release|x64 = Release|x64
	EndGlobalSection
	GlobalSection(ProjectConfigurationPlatforms) = postSolution
		{690AF3FA-E1DA-4531-AADE-0F2231D54B05}.Debug|Any CPU.ActiveCfg = Debug|Any CPU
		{690AF3FA-E1DA-4531-AADE-0F2231D54B05}.Debug|Any CPU.Build.0 = Debug|Any CPU
		{690AF3FA-E1DA-4531-AADE-0F2231D54B05}.Debug|x64.ActiveCfg = Debug|x64
		{690AF3FA-E1DA-4531-AADE-0F2231D54B05}.Debug|x64.Build.0 = Debug|x64
		{690AF3FA-E1DA-4531-AADE-0F2231D54B05}.Release|Any CPU.ActiveCfg = Release|Any CPU
		{690AF3FA-E1DA-4531-AADE-0F2231D54B05}.Release|Any CPU.Build.0 = Release|Any CPU
		{690AF3FA-E1DA-4531-AADE-0F2231D54B05}.Release|x64.ActiveCfg = Release|x64
		{690AF3FA-E1DA-4531-AADE-0F2231D54B05}.Release|x64.Build.0 = Release|x64
	EndGlobalSection
	GlobalSection(SolutionProperties) = preSolution
		HideSolutionNode = FALSE
	EndGlobalSection
	GlobalSection(ExtensibilityGlobals) = postSolution
		SolutionGuid = {F74BD453-3D7D-4A70-A435-A46B575D89C4}
	EndGlobalSection
EndGlobal
