
Microsoft Visual Studio Solution File, Format Version 12.00
# Visual Studio Version 17
VisualStudioVersion = 17.14.36109.1 d17.14
MinimumVisualStudioVersion = 10.0.40219.1
Project("{FAE04EC0-301F-11D3-BF4B-00C04F79EFBC}") = "AutoCAD-CreateBlock", "AutoCAD-CreateBlock\AutoCAD-CreateBlock.csproj", "{C0D4C8CF-9553-4666-906B-0F280F72AE18}"
EndProject
Global
	GlobalSection(SolutionConfigurationPlatforms) = preSolution
		Debug|Any CPU = Debug|Any CPU
		Debug|x64 = Debug|x64
		Release|Any CPU = Release|Any CPU
		Release|x64 = Release|x64
	EndGlobalSection
	GlobalSection(ProjectConfigurationPlatforms) = postSolution
		{C0D4C8CF-9553-4666-906B-0F280F72AE18}.Debug|Any CPU.ActiveCfg = Debug|Any CPU
		{C0D4C8CF-9553-4666-906B-0F280F72AE18}.Debug|Any CPU.Build.0 = Debug|Any CPU
		{C0D4C8CF-9553-4666-906B-0F280F72AE18}.Debug|x64.ActiveCfg = Debug|x64
		{C0D4C8CF-9553-4666-906B-0F280F72AE18}.Debug|x64.Build.0 = Debug|x64
		{C0D4C8CF-9553-4666-906B-0F280F72AE18}.Release|Any CPU.ActiveCfg = Release|Any CPU
		{C0D4C8CF-9553-4666-906B-0F280F72AE18}.Release|Any CPU.Build.0 = Release|Any CPU
		{C0D4C8CF-9553-4666-906B-0F280F72AE18}.Release|x64.ActiveCfg = Release|x64
		{C0D4C8CF-9553-4666-906B-0F280F72AE18}.Release|x64.Build.0 = Release|x64
	EndGlobalSection
	GlobalSection(SolutionProperties) = preSolution
		HideSolutionNode = FALSE
	EndGlobalSection
	GlobalSection(ExtensibilityGlobals) = postSolution
		SolutionGuid = {86F47392-013E-482E-BA86-7CFEBC1F8E37}
	EndGlobalSection
EndGlobal
